
Microsoft Visual Studio Solution File, Format Version 12.00
# Visual Studio Version 17
VisualStudioVersion = 17.0.32014.148
MinimumVisualStudioVersion = 10.0.40219.1
Project("{FAE04EC0-301F-11D3-BF4B-00C04F79EFBC}") = "Worlds5", "Worlds5\Worlds5.csproj", "{7F4990A2-2F4C-4B25-9474-6B7BDAA0DDDC}"
EndProject
Project("{8BC9CEB8-8B4A-11D0-8D11-00A0C91BC942}") = "Unmanaged", "Unmanaged\Unmanaged.vcxproj", "{9A9E29E6-8784-4DE0-A790-3BD4CFC15932}"
EndProject
Project("{FAE04EC0-301F-11D3-BF4B-00C04F79EFBC}") = "Model", "Model\Model.csproj", "{675B80CD-F5FD-4847-97CF-27C8F29F5779}"
EndProject
Project("{2150E333-8FDC-42A3-9474-1A3956D46DE8}") = "Solution Items", "Solution Items", "{E2BD548D-2F1F-492E-B15F-BF2E67302551}"
	ProjectSection(SolutionItems) = preProject
		.gitignore = .gitignore
		Worlds5\settings.json = Worlds5\settings.json
	EndProjectSection
EndProject
Project("{2150E333-8FDC-42A3-9474-1A3956D46DE8}") = "Docs", "Docs", "{03D43517-C5EC-4D19-A2D4-5EE2BBCE3FEB}"
	ProjectSection(SolutionItems) = preProject
		Docs\API.txt = Docs\API.txt
		Docs\Calling Sequence.txt = Docs\Calling Sequence.txt
		Docs\Json Data.txt = Docs\Json Data.txt
		Docs\Settings.txt = Docs\Settings.txt
		Docs\Sphere Notes.txt = Docs\Sphere Notes.txt
		ToDo.txt = ToDo.txt
	EndProjectSection
EndProject
Project("{2150E333-8FDC-42A3-9474-1A3956D46DE8}") = "Resources", "Resources", "{E453010C-79BD-470C-B387-02F9C65E742A}"
	ProjectSection(SolutionItems) = preProject
		Resources\default_settings.json = Resources\default_settings.json
	EndProjectSection
EndProject
Global
	GlobalSection(SolutionConfigurationPlatforms) = preSolution
		Debug|Any CPU = Debug|Any CPU
		Debug|Mixed Platforms = Debug|Mixed Platforms
		Debug|Win32 = Debug|Win32
		Debug|x64 = Debug|x64
		Release|Any CPU = Release|Any CPU
		Release|Mixed Platforms = Release|Mixed Platforms
		Release|Win32 = Release|Win32
		Release|x64 = Release|x64
	EndGlobalSection
	GlobalSection(ProjectConfigurationPlatforms) = postSolution
		{7F4990A2-2F4C-4B25-9474-6B7BDAA0DDDC}.Debug|Any CPU.ActiveCfg = Debug|Any CPU
		{7F4990A2-2F4C-4B25-9474-6B7BDAA0DDDC}.Debug|Any CPU.Build.0 = Debug|Any CPU
		{7F4990A2-2F4C-4B25-9474-6B7BDAA0DDDC}.Debug|Mixed Platforms.ActiveCfg = Debug|x64
		{7F4990A2-2F4C-4B25-9474-6B7BDAA0DDDC}.Debug|Mixed Platforms.Build.0 = Debug|x64
		{7F4990A2-2F4C-4B25-9474-6B7BDAA0DDDC}.Debug|Win32.ActiveCfg = Debug|Any CPU
		{7F4990A2-2F4C-4B25-9474-6B7BDAA0DDDC}.Debug|x64.ActiveCfg = Debug|x64
		{7F4990A2-2F4C-4B25-9474-6B7BDAA0DDDC}.Debug|x64.Build.0 = Debug|x64
		{7F4990A2-2F4C-4B25-9474-6B7BDAA0DDDC}.Release|Any CPU.ActiveCfg = Release|Any CPU
		{7F4990A2-2F4C-4B25-9474-6B7BDAA0DDDC}.Release|Any CPU.Build.0 = Release|Any CPU
		{7F4990A2-2F4C-4B25-9474-6B7BDAA0DDDC}.Release|Mixed Platforms.ActiveCfg = Release|Any CPU
		{7F4990A2-2F4C-4B25-9474-6B7BDAA0DDDC}.Release|Mixed Platforms.Build.0 = Release|Any CPU
		{7F4990A2-2F4C-4B25-9474-6B7BDAA0DDDC}.Release|Win32.ActiveCfg = Release|Any CPU
		{7F4990A2-2F4C-4B25-9474-6B7BDAA0DDDC}.Release|x64.ActiveCfg = Release|x64
		{7F4990A2-2F4C-4B25-9474-6B7BDAA0DDDC}.Release|x64.Build.0 = Release|x64
		{9A9E29E6-8784-4DE0-A790-3BD4CFC15932}.Debug|Any CPU.ActiveCfg = Debug|Win32
		{9A9E29E6-8784-4DE0-A790-3BD4CFC15932}.Debug|Mixed Platforms.ActiveCfg = Debug|x64
		{9A9E29E6-8784-4DE0-A790-3BD4CFC15932}.Debug|Mixed Platforms.Build.0 = Debug|x64
		{9A9E29E6-8784-4DE0-A790-3BD4CFC15932}.Debug|Win32.ActiveCfg = Debug|Win32
		{9A9E29E6-8784-4DE0-A790-3BD4CFC15932}.Debug|Win32.Build.0 = Debug|Win32
		{9A9E29E6-8784-4DE0-A790-3BD4CFC15932}.Debug|x64.ActiveCfg = Debug|x64
		{9A9E29E6-8784-4DE0-A790-3BD4CFC15932}.Debug|x64.Build.0 = Debug|x64
		{9A9E29E6-8784-4DE0-A790-3BD4CFC15932}.Release|Any CPU.ActiveCfg = Release|Win32
		{9A9E29E6-8784-4DE0-A790-3BD4CFC15932}.Release|Mixed Platforms.ActiveCfg = Release|Win32
		{9A9E29E6-8784-4DE0-A790-3BD4CFC15932}.Release|Mixed Platforms.Build.0 = Release|Win32
		{9A9E29E6-8784-4DE0-A790-3BD4CFC15932}.Release|Win32.ActiveCfg = Release|Win32
		{9A9E29E6-8784-4DE0-A790-3BD4CFC15932}.Release|Win32.Build.0 = Release|Win32
		{9A9E29E6-8784-4DE0-A790-3BD4CFC15932}.Release|x64.ActiveCfg = Release|x64
		{9A9E29E6-8784-4DE0-A790-3BD4CFC15932}.Release|x64.Build.0 = Release|x64
		{675B80CD-F5FD-4847-97CF-27C8F29F5779}.Debug|Any CPU.ActiveCfg = Debug|Any CPU
		{675B80CD-F5FD-4847-97CF-27C8F29F5779}.Debug|Any CPU.Build.0 = Debug|Any CPU
		{675B80CD-F5FD-4847-97CF-27C8F29F5779}.Debug|Mixed Platforms.ActiveCfg = Debug|Any CPU
		{675B80CD-F5FD-4847-97CF-27C8F29F5779}.Debug|Mixed Platforms.Build.0 = Debug|Any CPU
		{675B80CD-F5FD-4847-97CF-27C8F29F5779}.Debug|Win32.ActiveCfg = Debug|Any CPU
		{675B80CD-F5FD-4847-97CF-27C8F29F5779}.Debug|Win32.Build.0 = Debug|Any CPU
		{675B80CD-F5FD-4847-97CF-27C8F29F5779}.Debug|x64.ActiveCfg = Debug|x64
		{675B80CD-F5FD-4847-97CF-27C8F29F5779}.Debug|x64.Build.0 = Debug|x64
		{675B80CD-F5FD-4847-97CF-27C8F29F5779}.Release|Any CPU.ActiveCfg = Release|Any CPU
		{675B80CD-F5FD-4847-97CF-27C8F29F5779}.Release|Any CPU.Build.0 = Release|Any CPU
		{675B80CD-F5FD-4847-97CF-27C8F29F5779}.Release|Mixed Platforms.ActiveCfg = Release|Any CPU
		{675B80CD-F5FD-4847-97CF-27C8F29F5779}.Release|Mixed Platforms.Build.0 = Release|Any CPU
		{675B80CD-F5FD-4847-97CF-27C8F29F5779}.Release|Win32.ActiveCfg = Release|Any CPU
		{675B80CD-F5FD-4847-97CF-27C8F29F5779}.Release|Win32.Build.0 = Release|Any CPU
		{675B80CD-F5FD-4847-97CF-27C8F29F5779}.Release|x64.ActiveCfg = Release|x64
		{675B80CD-F5FD-4847-97CF-27C8F29F5779}.Release|x64.Build.0 = Release|x64
	EndGlobalSection
	GlobalSection(SolutionProperties) = preSolution
		HideSolutionNode = FALSE
	EndGlobalSection
	GlobalSection(ExtensibilityGlobals) = postSolution
		SolutionGuid = {36FB5E6A-747F-455A-A6C7-9C9BF7D2BDBB}
	EndGlobalSection
EndGlobal
