<?xml version="1.0" encoding="utf-8"?>
<Project ToolsVersion="4.0" xmlns="http://schemas.microsoft.com/developer/msbuild/2003">
  <ItemGroup>
    <CudaCompile Include="kernel.cu">
      <Filter>Source Files</Filter>
    </CudaCompile>
    <CudaCompile Include="helpers.cu">
      <Filter>Source Files</Filter>
    </CudaCompile>
    <CudaCompile Include="RayProcessing.cu">
      <Filter>Source Files</Filter>
    </CudaCompile>
    <CudaCompile Include="RayTracer.cu">
      <Filter>Source Files</Filter>
    </CudaCompile>
  </ItemGroup>
  <ItemGroup>
    <ClInclude Include="inline.cuh">
      <Filter>Header Files</Filter>
    </ClInclude>
    <ClInclude Include="cuda_interface.h">
      <Filter>Header Files</Filter>
    </ClInclude>
    <ClInclude Include="kernel.cuh">
      <Filter>Header Files</Filter>
    </ClInclude>
    <ClInclude Include="vector5Single.h">
      <Filter>Header Files</Filter>
    </ClInclude>
    <ClInclude Include="RayTracer.cuh">
      <Filter>Header Files</Filter>
    </ClInclude>
    <ClInclude Include="Vectors.h">
      <Filter>Header Files</Filter>
    </ClInclude>
    <ClInclude Include="RayProcessing.cuh">
      <Filter>Header Files</Filter>
    </ClInclude>
  </ItemGroup>
  <ItemGroup>
    <None Include="packages.config" />
  </ItemGroup>
  <ItemGroup>
    <Filter Include="Header Files">
      <UniqueIdentifier>{0dc62b3c-eef8-4a65-8e12-d41f6a5b9d1b}</UniqueIdentifier>
    </Filter>
    <Filter Include="Source Files">
      <UniqueIdentifier>{6513d4d8-eab5-4129-84a0-fc44215b3360}</UniqueIdentifier>
    </Filter>
  </ItemGroup>
</Project>